<?xml version="1.0" encoding="UTF-8" standalone="yes" ?>
<CodeBlocks_project_file>
	<FileVersion major="1" minor="6" />
	<Project>
		<Option title="Jump" />
		<Option pch_mode="2" />
		<Option compiler="gcc" />
		<Build>
			<Target title="Debug">
				<Option output="bin/Debug/Jump" prefix_auto="1" extension_auto="1" />
				<Option object_output="obj/Debug/" />
				<Option type="1" />
				<Option compiler="gcc" />
				<Compiler>
					<Add option="-std=c++11" />
					<Add option="-g" />
				</Compiler>
				<Linker>
					<Add library="mingw32" />
					<Add library="SDL2Main" />
					<Add library="SDL2" />
					<Add library="opengl32" />
				</Linker>
			</Target>
			<Target title="Release">
				<Option output="bin/Release/Jump" prefix_auto="1" extension_auto="1" />
				<Option object_output="obj/Release/" />
				<Option type="1" />
				<Option compiler="gcc" />
				<Compiler>
					<Add option="-O2" />
				</Compiler>
				<Linker>
					<Add option="-s" />
				</Linker>
			</Target>
		</Build>
		<Compiler>
			<Add option="-Wall" />
		</Compiler>
		<Unit filename="source/Main.cpp" />
		<Unit filename="source/game/Game.cpp" />
		<Unit filename="source/game/Game.hpp" />
		<Unit filename="source/game/GameState.cpp" />
		<Unit filename="source/game/GameState.hpp" />
		<Unit filename="source/game/GameStateManager.cpp" />
		<Unit filename="source/game/GameStateManager.hpp" />
		<Unit filename="source/game/states/LevelState.cpp" />
		<Unit filename="source/game/states/LevelState.hpp" />
		<Unit filename="source/game/states/StartupState.cpp" />
		<Unit filename="source/game/states/StartupState.hpp" />
		<Unit filename="source/input/InputButton.hpp" />
		<Unit filename="source/input/InputListener.hpp" />
		<Unit filename="source/input/InputManager.cpp" />
		<Unit filename="source/input/InputManager.hpp" />
		<Unit filename="source/input/sdl2/Sdl2InputManager.cpp" />
		<Unit filename="source/input/sdl2/Sdl2InputManager.hpp" />
		<Unit filename="source/level/Block.cpp" />
		<Unit filename="source/level/Block.hpp" />
		<Unit filename="source/level/Entity.cpp" />
		<Unit filename="source/level/Entity.hpp" />
		<Unit filename="source/level/Layer.cpp" />
		<Unit filename="source/level/Layer.hpp" />
		<Unit filename="source/level/Level.cpp" />
		<Unit filename="source/level/Level.hpp" />
		<Unit filename="source/level/entities/Player.cpp" />
		<Unit filename="source/level/entities/Player.hpp" />
		<Unit filename="source/video/VideoManager.hpp" />
		<Unit filename="source/video/sdl2/Sdl2VideoManager.cpp" />
		<Unit filename="source/video/sdl2/Sdl2VideoManager.hpp" />
		<Extensions>
			<code_completion />
			<envvars />
			<debugger />
		</Extensions>
	</Project>
</CodeBlocks_project_file>
